
Microsoft Visual Studio Solution File, Format Version 12.00
# Visual Studio 14
VisualStudioVersion = 14.0.25420.1
MinimumVisualStudioVersion = 10.0.40219.1
Project("{FAE04EC0-301F-11D3-BF4B-00C04F79EFBC}") = "Spellcheck.Core", "Spellcheck.Core\Spellcheck.Core.csproj", "{06570B56-0803-48F1-95DD-5FF2293E009E}"
EndProject
Project("{FAE04EC0-301F-11D3-BF4B-00C04F79EFBC}") = "Spellcheck.Console", "Spellcheck.Console\Spellcheck.Console.csproj", "{D606F247-9969-4869-8F13-2FAA865444FB}"
EndProject
Global
	GlobalSection(SolutionConfigurationPlatforms) = preSolution
		Debug|Any CPU = Debug|Any CPU
		Release|Any CPU = Release|Any CPU
	EndGlobalSection
	GlobalSection(ProjectConfigurationPlatforms) = postSolution
		{06570B56-0803-48F1-95DD-5FF2293E009E}.Debug|Any CPU.ActiveCfg = Debug|Any CPU
		{06570B56-0803-48F1-95DD-5FF2293E009E}.Debug|Any CPU.Build.0 = Debug|Any CPU
		{06570B56-0803-48F1-95DD-5FF2293E009E}.Release|Any CPU.ActiveCfg = Release|Any CPU
		{06570B56-0803-48F1-95DD-5FF2293E009E}.Release|Any CPU.Build.0 = Release|Any CPU
		{D606F247-9969-4869-8F13-2FAA865444FB}.Debug|Any CPU.ActiveCfg = Debug|Any CPU
		{D606F247-9969-4869-8F13-2FAA865444FB}.Debug|Any CPU.Build.0 = Debug|Any CPU
		{D606F247-9969-4869-8F13-2FAA865444FB}.Release|Any CPU.ActiveCfg = Release|Any CPU
		{D606F247-9969-4869-8F13-2FAA865444FB}.Release|Any CPU.Build.0 = Release|Any CPU
	EndGlobalSection
	GlobalSection(SolutionProperties) = preSolution
		HideSolutionNode = FALSE
	EndGlobalSection
EndGlobal
